{
    "version": 3,
    "terraform_version": "0.11.8",
    "serial": 4,
    "lineage": "8d567cf8-a855-f19c-e875-bb60583d9620",
    "modules": [
        {
            "path": [
                "root"
            ],
            "outputs": {},
            "resources": {
                "github_repository.example": {
                    "type": "github_repository",
                    "depends_on": [],
                    "primary": {
                        "id": "GALIN_REPO",
                        "attributes": {
                            "allow_merge_commit": "true",
                            "allow_rebase_merge": "true",
                            "allow_squash_merge": "true",
                            "archived": "false",
                            "default_branch": "master",
                            "description": "My awesome codebase",
                            "etag": "W/\"0962a37468cb9b9644341adbcd7c4b9c\"",
                            "full_name": "my-fruts/GALIN_REPO",
                            "git_clone_url": "git://github.com/my-fruts/GALIN_REPO.git",
                            "has_downloads": "false",
                            "has_issues": "false",
                            "has_wiki": "false",
                            "homepage_url": "",
                            "html_url": "https://github.com/my-fruts/GALIN_REPO",
                            "http_clone_url": "https://github.com/my-fruts/GALIN_REPO.git",
                            "id": "GALIN_REPO",
                            "name": "GALIN_REPO",
                            "private": "false",
                            "ssh_clone_url": "git@github.com:my-fruts/GALIN_REPO.git",
                            "svn_url": "https://github.com/my-fruts/GALIN_REPO",
                            "topics.#": "0"
                        },
                        "meta": {},
                        "tainted": false
                    },
                    "deposed": [],
                    "provider": "provider.github"
                }
            },
            "depends_on": []
        }
    ]
}
